{
    "_meta": {
        "hash": {
            "sha256": "bf7621dacecf58416bb1f0c3ccf77d28c8f6f2f3fa48ed4f60b12f8dbf4bfc46"
        },
        "pipfile-spec": 6,
        "requires": {
            "python_version": "3.10"
        },
        "sources": [
            {
                "name": "pypi",
                "url": "https://pypi.org/simple",
                "verify_ssl": true
            }
        ]
    },
    "default": {},
    "develop": {}
}
